# Generated by pub
# See http://pub.dartlang.org/doc/glossary.html#lockfile
packages:
  analyzer:
    description: analyzer
    source: hosted
    version: "0.24.5"
  args:
    description: args
    source: hosted
    version: "0.12.2+6"
  browser:
    description: browser
    source: hosted
    version: "0.10.0+2"
  intl:
    description: intl
    source: hosted
    version: "0.12.2"
  path:
    description: path
    source: hosted
    version: "1.3.5"
  petitparser:
    description: petitparser
    source: hosted
    version: "1.3.7"
  stack_trace:
    description: stack_trace
    source: hosted
    version: "1.3.1"
  watcher:
    description: watcher
    source: hosted
    version: "0.9.5"
sdks:
  dart: ">=1.7.0-dev.4.0 <2.0.0"
